
Microsoft Visual Studio Solution File, Format Version 12.00
# Visual Studio Version 16
VisualStudioVersion = 16.0.30011.22
MinimumVisualStudioVersion = 10.0.40219.1
Project("{FAE04EC0-301F-11D3-BF4B-00C04F79EFBC}") = "RSADupCheck", "RSADupCheck\RSADupCheck.csproj", "{3B47EC8B-FDDE-4B52-95CF-CFD1B29B23D0}"
EndProject
Project("{FAE04EC0-301F-11D3-BF4B-00C04F79EFBC}") = "RSACore", "RSACore\RSACore.csproj", "{705A4011-D7CE-4805-B215-C443E6186485}"
EndProject
Global
	GlobalSection(SolutionConfigurationPlatforms) = preSolution
		Debug|Any CPU = Debug|Any CPU
		Release|Any CPU = Release|Any CPU
	EndGlobalSection
	GlobalSection(ProjectConfigurationPlatforms) = postSolution
		{3B47EC8B-FDDE-4B52-95CF-CFD1B29B23D0}.Debug|Any CPU.ActiveCfg = Debug|Any CPU
		{3B47EC8B-FDDE-4B52-95CF-CFD1B29B23D0}.Debug|Any CPU.Build.0 = Debug|Any CPU
		{3B47EC8B-FDDE-4B52-95CF-CFD1B29B23D0}.Release|Any CPU.ActiveCfg = Release|Any CPU
		{3B47EC8B-FDDE-4B52-95CF-CFD1B29B23D0}.Release|Any CPU.Build.0 = Release|Any CPU
		{705A4011-D7CE-4805-B215-C443E6186485}.Debug|Any CPU.ActiveCfg = Debug|Any CPU
		{705A4011-D7CE-4805-B215-C443E6186485}.Debug|Any CPU.Build.0 = Debug|Any CPU
		{705A4011-D7CE-4805-B215-C443E6186485}.Release|Any CPU.ActiveCfg = Release|Any CPU
		{705A4011-D7CE-4805-B215-C443E6186485}.Release|Any CPU.Build.0 = Release|Any CPU
	EndGlobalSection
	GlobalSection(SolutionProperties) = preSolution
		HideSolutionNode = FALSE
	EndGlobalSection
	GlobalSection(ExtensibilityGlobals) = postSolution
		SolutionGuid = {E1903592-69C1-403A-9F59-4C327BA02324}
	EndGlobalSection
EndGlobal
